PODS:
  - beacon_broadcast (0.0.1):
    - Flutter
  - Flutter (1.0.0)
  - flutter_exposure_notifications (0.0.1):
    - Flutter
  - FMDB (2.7.5):
    - FMDB/standard (= 2.7.5)
  - FMDB/standard (2.7.5)
  - moor_ffi (0.0.1):
    - Flutter
  - sqflite (0.0.1):
    - Flutter
    - FMDB (~> 2.7.2)

DEPENDENCIES:
  - beacon_broadcast (from `.symlinks/plugins/beacon_broadcast/ios`)
  - Flutter (from `Flutter`)
  - flutter_exposure_notifications (from `.symlinks/plugins/flutter_exposure_notifications/ios`)
  - moor_ffi (from `.symlinks/plugins/moor_ffi/ios`)
  - sqflite (from `.symlinks/plugins/sqflite/ios`)

SPEC REPOS:
  trunk:
    - FMDB

EXTERNAL SOURCES:
  beacon_broadcast:
    :path: ".symlinks/plugins/beacon_broadcast/ios"
  Flutter:
    :path: Flutter
  flutter_exposure_notifications:
    :path: ".symlinks/plugins/flutter_exposure_notifications/ios"
  moor_ffi:
    :path: ".symlinks/plugins/moor_ffi/ios"
  sqflite:
    :path: ".symlinks/plugins/sqflite/ios"

SPEC CHECKSUMS:
  beacon_broadcast: 2c2562111f7b7e0f1ab59487f6bc805805e3c9f3
  Flutter: 0e3d915762c693b495b44d77113d4970485de6ec
  flutter_exposure_notifications: a7a209591010f9cf449e1361088f75ccf6d97ab1
  FMDB: 2ce00b547f966261cd18927a3ddb07cb6f3db82a
  moor_ffi: d66c9470c18e9cb333423bbcb493c105c6c774c6
  sqflite: 4001a31ff81d210346b500c55b17f4d6c7589dd0

PODFILE CHECKSUM: c34e2287a9ccaa606aeceab922830efb9a6ff69a

COCOAPODS: 1.9.0
